
Microsoft Visual Studio Solution File, Format Version 12.00
# Visual Studio Version 16
VisualStudioVersion = 16.0.29709.97
MinimumVisualStudioVersion = 10.0.40219.1
Project("{FAE04EC0-301F-11D3-BF4B-00C04F79EFBC}") = "ChainOfResponsibility", "ChainOfResponsibility\ChainOfResponsibility.csproj", "{C28CD41C-D677-4030-87B8-87616F9BB531}"
EndProject
Project("{FAE04EC0-301F-11D3-BF4B-00C04F79EFBC}") = "Test", "Test\Test.csproj", "{6B9B3DCF-0C55-466C-911F-9EC242F8BE0D}"
EndProject
Global
	GlobalSection(SolutionConfigurationPlatforms) = preSolution
		Debug|Any CPU = Debug|Any CPU
		Debug|x64 = Debug|x64
		Release|Any CPU = Release|Any CPU
		Release|x64 = Release|x64
	EndGlobalSection
	GlobalSection(ProjectConfigurationPlatforms) = postSolution
		{C28CD41C-D677-4030-87B8-87616F9BB531}.Debug|Any CPU.ActiveCfg = Debug|Any CPU
		{C28CD41C-D677-4030-87B8-87616F9BB531}.Debug|Any CPU.Build.0 = Debug|Any CPU
		{C28CD41C-D677-4030-87B8-87616F9BB531}.Debug|x64.ActiveCfg = Debug|x64
		{C28CD41C-D677-4030-87B8-87616F9BB531}.Debug|x64.Build.0 = Debug|x64
		{C28CD41C-D677-4030-87B8-87616F9BB531}.Release|Any CPU.ActiveCfg = Release|Any CPU
		{C28CD41C-D677-4030-87B8-87616F9BB531}.Release|Any CPU.Build.0 = Release|Any CPU
		{C28CD41C-D677-4030-87B8-87616F9BB531}.Release|x64.ActiveCfg = Release|Any CPU
		{C28CD41C-D677-4030-87B8-87616F9BB531}.Release|x64.Build.0 = Release|Any CPU
		{6B9B3DCF-0C55-466C-911F-9EC242F8BE0D}.Debug|Any CPU.ActiveCfg = Debug|Any CPU
		{6B9B3DCF-0C55-466C-911F-9EC242F8BE0D}.Debug|Any CPU.Build.0 = Debug|Any CPU
		{6B9B3DCF-0C55-466C-911F-9EC242F8BE0D}.Debug|x64.ActiveCfg = Debug|x64
		{6B9B3DCF-0C55-466C-911F-9EC242F8BE0D}.Debug|x64.Build.0 = Debug|x64
		{6B9B3DCF-0C55-466C-911F-9EC242F8BE0D}.Release|Any CPU.ActiveCfg = Release|Any CPU
		{6B9B3DCF-0C55-466C-911F-9EC242F8BE0D}.Release|Any CPU.Build.0 = Release|Any CPU
		{6B9B3DCF-0C55-466C-911F-9EC242F8BE0D}.Release|x64.ActiveCfg = Release|Any CPU
		{6B9B3DCF-0C55-466C-911F-9EC242F8BE0D}.Release|x64.Build.0 = Release|Any CPU
	EndGlobalSection
	GlobalSection(SolutionProperties) = preSolution
		HideSolutionNode = FALSE
	EndGlobalSection
	GlobalSection(ExtensibilityGlobals) = postSolution
		SolutionGuid = {B5BBCFD3-7FA9-4BA7-849F-3AFA624A1082}
	EndGlobalSection
EndGlobal
